
Microsoft Visual Studio Solution File, Format Version 12.00
# Visual Studio 14
VisualStudioVersion = 14.0.25123.0
MinimumVisualStudioVersion = 10.0.40219.1
Project("{FAE04EC0-301F-11D3-BF4B-00C04F79EFBC}") = "AlarmPiProj", "AlarmPiProj\AlarmPiProj.csproj", "{CE2EDBE6-7E00-4C49-AF6C-9AE91E225467}"
EndProject
Project("{FAE04EC0-301F-11D3-BF4B-00C04F79EFBC}") = "AlarmPi", "AlarmPi\AlarmPi.csproj", "{A3FD1DD4-D7E6-4A4D-BD47-3885B7178BBE}"
EndProject
Global
	GlobalSection(SolutionConfigurationPlatforms) = preSolution
		Debug|Any CPU = Debug|Any CPU
		Release|Any CPU = Release|Any CPU
	EndGlobalSection
	GlobalSection(ProjectConfigurationPlatforms) = postSolution
		{CE2EDBE6-7E00-4C49-AF6C-9AE91E225467}.Debug|Any CPU.ActiveCfg = Debug|Any CPU
		{CE2EDBE6-7E00-4C49-AF6C-9AE91E225467}.Debug|Any CPU.Build.0 = Debug|Any CPU
		{CE2EDBE6-7E00-4C49-AF6C-9AE91E225467}.Release|Any CPU.ActiveCfg = Release|Any CPU
		{CE2EDBE6-7E00-4C49-AF6C-9AE91E225467}.Release|Any CPU.Build.0 = Release|Any CPU
		{A3FD1DD4-D7E6-4A4D-BD47-3885B7178BBE}.Debug|Any CPU.ActiveCfg = Debug|Any CPU
		{A3FD1DD4-D7E6-4A4D-BD47-3885B7178BBE}.Debug|Any CPU.Build.0 = Debug|Any CPU
		{A3FD1DD4-D7E6-4A4D-BD47-3885B7178BBE}.Release|Any CPU.ActiveCfg = Release|Any CPU
		{A3FD1DD4-D7E6-4A4D-BD47-3885B7178BBE}.Release|Any CPU.Build.0 = Release|Any CPU
	EndGlobalSection
	GlobalSection(SolutionProperties) = preSolution
		HideSolutionNode = FALSE
	EndGlobalSection
EndGlobal
